// !$*UTF8*$!
{
	archiveVersion = 1;
	classes = {
	};
	objectVersion = 56;
	objects = {

/* Begin PBXBuildFile section */
		AAA347C92C913F7A0011A39D /* MusixmatchAPIClient.swift in Sources */ = {isa = PBXBuildFile; fileRef = AAA347C82C913F7A0011A39D /* MusixmatchAPIClient.swift */; };
		AAA347D62C913F9A0011A39D /* MusixmatchAPITests.swift in Sources */ = {isa = PBXBuildFile; fileRef = AAA347D52C913F9A0011A39D /* MusixmatchAPITests.swift */; };
		AAA347D72C913F9A0011A39D /* libMusixmatchAPIClient.a in Frameworks */ = {isa = PBXBuildFile; fileRef = AAA347C52C913F7A0011A39D /* libMusixmatchAPIClient.a */; };
		AAA347DF2C9140AE0011A39D /* Track.swift in Sources */ = {isa = PBXBuildFile; fileRef = AAA347DE2C9140AE0011A39D /* Track.swift */; };
		AAA347E22C9142320011A39D /* TrackSearchResponse.swift in Sources */ = {isa = PBXBuildFile; fileRef = AAA347E12C9142320011A39D /* TrackSearchResponse.swift */; };
		AAA347E42C9146350011A39D /* ResponseMessageHeader.swift in Sources */ = {isa = PBXBuildFile; fileRef = AAA347E32C9146350011A39D /* ResponseMessageHeader.swift */; };
		AAA347F32C9198E50011A39D /* Lyrics.swift in Sources */ = {isa = PBXBuildFile; fileRef = AAA347F22C9198E50011A39D /* Lyrics.swift */; };
		AAA347F52C919A0B0011A39D /* TrackLyricsGetResponse.swift in Sources */ = {isa = PBXBuildFile; fileRef = AAA347F42C919A0B0011A39D /* TrackLyricsGetResponse.swift */; };
/* End PBXBuildFile section */

/* Begin PBXContainerItemProxy section */
		AAA347D82C913F9A0011A39D /* PBXContainerItemProxy */ = {
			isa = PBXContainerItemProxy;
			containerPortal = AAA347BD2C913F7A0011A39D /* Project object */;
			proxyType = 1;
			remoteGlobalIDString = AAA347C42C913F7A0011A39D;
			remoteInfo = MusixmatchAPIClient;
		};
/* End PBXContainerItemProxy section */

/* Begin PBXCopyFilesBuildPhase section */
		AAA347C32C913F7A0011A39D /* CopyFiles */ = {
			isa = PBXCopyFilesBuildPhase;
			buildActionMask = 2147483647;
			dstPath = "include/$(PRODUCT_NAME)";
			dstSubfolderSpec = 16;
			files = (
			);
			runOnlyForDeploymentPostprocessing = 0;
		};
/* End PBXCopyFilesBuildPhase section */

/* Begin PBXFileReference section */
		AAA347C52C913F7A0011A39D /* libMusixmatchAPIClient.a */ = {isa = PBXFileReference; explicitFileType = archive.ar; includeInIndex = 0; path = libMusixmatchAPIClient.a; sourceTree = BUILT_PRODUCTS_DIR; };
		AAA347C82C913F7A0011A39D /* MusixmatchAPIClient.swift */ = {isa = PBXFileReference; lastKnownFileType = sourcecode.swift; path = MusixmatchAPIClient.swift; sourceTree = "<group>"; };
		AAA347D32C913F9A0011A39D /* MusixmatchAPIClientTests.xctest */ = {isa = PBXFileReference; explicitFileType = wrapper.cfbundle; includeInIndex = 0; path = MusixmatchAPIClientTests.xctest; sourceTree = BUILT_PRODUCTS_DIR; };
		AAA347D52C913F9A0011A39D /* MusixmatchAPITests.swift */ = {isa = PBXFileReference; lastKnownFileType = sourcecode.swift; path = MusixmatchAPITests.swift; sourceTree = "<group>"; };
		AAA347DE2C9140AE0011A39D /* Track.swift */ = {isa = PBXFileReference; lastKnownFileType = sourcecode.swift; path = Track.swift; sourceTree = "<group>"; };
		AAA347E12C9142320011A39D /* TrackSearchResponse.swift */ = {isa = PBXFileReference; lastKnownFileType = sourcecode.swift; path = TrackSearchResponse.swift; sourceTree = "<group>"; };
		AAA347E32C9146350011A39D /* ResponseMessageHeader.swift */ = {isa = PBXFileReference; lastKnownFileType = sourcecode.swift; path = ResponseMessageHeader.swift; sourceTree = "<group>"; };
		AAA347E52C914F690011A39D /* MusixmatchAPIClient.xctestplan */ = {isa = PBXFileReference; lastKnownFileType = text; path = MusixmatchAPIClient.xctestplan; sourceTree = "<group>"; };
		AAA347F22C9198E50011A39D /* Lyrics.swift */ = {isa = PBXFileReference; lastKnownFileType = sourcecode.swift; path = Lyrics.swift; sourceTree = "<group>"; };
		AAA347F42C919A0B0011A39D /* TrackLyricsGetResponse.swift */ = {isa = PBXFileReference; lastKnownFileType = sourcecode.swift; path = TrackLyricsGetResponse.swift; sourceTree = "<group>"; };
/* End PBXFileReference section */

/* Begin PBXFrameworksBuildPhase section */
		AAA347C22C913F7A0011A39D /* Frameworks */ = {
			isa = PBXFrameworksBuildPhase;
			buildActionMask = 2147483647;
			files = (
			);
			runOnlyForDeploymentPostprocessing = 0;
		};
		AAA347D02C913F9A0011A39D /* Frameworks */ = {
			isa = PBXFrameworksBuildPhase;
			buildActionMask = 2147483647;
			files = (
				AAA347D72C913F9A0011A39D /* libMusixmatchAPIClient.a in Frameworks */,
			);
			runOnlyForDeploymentPostprocessing = 0;
		};
/* End PBXFrameworksBuildPhase section */

/* Begin PBXGroup section */
		AAA347BC2C913F7A0011A39D = {
			isa = PBXGroup;
			children = (
				AAA347E52C914F690011A39D /* MusixmatchAPIClient.xctestplan */,
				AAA347C72C913F7A0011A39D /* MusixmatchAPIClient */,
				AAA347D42C913F9A0011A39D /* MusixmatchAPIClientTests */,
				AAA347C62C913F7A0011A39D /* Products */,
			);
			sourceTree = "<group>";
		};
		AAA347C62C913F7A0011A39D /* Products */ = {
			isa = PBXGroup;
			children = (
				AAA347C52C913F7A0011A39D /* libMusixmatchAPIClient.a */,
				AAA347D32C913F9A0011A39D /* MusixmatchAPIClientTests.xctest */,
			);
			name = Products;
			sourceTree = "<group>";
		};
		AAA347C72C913F7A0011A39D /* MusixmatchAPIClient */ = {
			isa = PBXGroup;
			children = (
				AAA347DD2C9140560011A39D /* Models */,
				AAA347C82C913F7A0011A39D /* MusixmatchAPIClient.swift */,
			);
			path = MusixmatchAPIClient;
			sourceTree = "<group>";
		};
		AAA347D42C913F9A0011A39D /* MusixmatchAPIClientTests */ = {
			isa = PBXGroup;
			children = (
				AAA347D52C913F9A0011A39D /* MusixmatchAPITests.swift */,
			);
			path = MusixmatchAPIClientTests;
			sourceTree = "<group>";
		};
		AAA347DD2C9140560011A39D /* Models */ = {
			isa = PBXGroup;
			children = (
				AAA347E02C9142160011A39D /* API Responses */,
				AAA347DE2C9140AE0011A39D /* Track.swift */,
				AAA347F22C9198E50011A39D /* Lyrics.swift */,
			);
			path = Models;
			sourceTree = "<group>";
		};
		AAA347E02C9142160011A39D /* API Responses */ = {
			isa = PBXGroup;
			children = (
				AAA347E32C9146350011A39D /* ResponseMessageHeader.swift */,
				AAA347E12C9142320011A39D /* TrackSearchResponse.swift */,
				AAA347F42C919A0B0011A39D /* TrackLyricsGetResponse.swift */,
			);
			path = "API Responses";
			sourceTree = "<group>";
		};
/* End PBXGroup section */

/* Begin PBXNativeTarget section */
		AAA347C42C913F7A0011A39D /* MusixmatchAPIClient */ = {
			isa = PBXNativeTarget;
			buildConfigurationList = AAA347CC2C913F7A0011A39D /* Build configuration list for PBXNativeTarget "MusixmatchAPIClient" */;
			buildPhases = (
				AAA347C12C913F7A0011A39D /* Sources */,
				AAA347C22C913F7A0011A39D /* Frameworks */,
				AAA347C32C913F7A0011A39D /* CopyFiles */,
			);
			buildRules = (
			);
			dependencies = (
			);
			name = MusixmatchAPIClient;
			packageProductDependencies = (
			);
			productName = MusixmatchAPIClient;
			productReference = AAA347C52C913F7A0011A39D /* libMusixmatchAPIClient.a */;
			productType = "com.apple.product-type.library.static";
		};
		AAA347D22C913F9A0011A39D /* MusixmatchAPIClientTests */ = {
			isa = PBXNativeTarget;
			buildConfigurationList = AAA347DA2C913F9A0011A39D /* Build configuration list for PBXNativeTarget "MusixmatchAPIClientTests" */;
			buildPhases = (
				AAA347CF2C913F9A0011A39D /* Sources */,
				AAA347D02C913F9A0011A39D /* Frameworks */,
				AAA347D12C913F9A0011A39D /* Resources */,
			);
			buildRules = (
			);
			dependencies = (
				AAA347D92C913F9A0011A39D /* PBXTargetDependency */,
			);
			name = MusixmatchAPIClientTests;
			productName = MusixmatchAPIClientTests;
			productReference = AAA347D32C913F9A0011A39D /* MusixmatchAPIClientTests.xctest */;
			productType = "com.apple.product-type.bundle.unit-test";
		};
/* End PBXNativeTarget section */

/* Begin PBXProject section */
		AAA347BD2C913F7A0011A39D /* Project object */ = {
			isa = PBXProject;
			attributes = {
				BuildIndependentTargetsInParallel = 1;
				LastSwiftUpdateCheck = 1540;
				LastUpgradeCheck = 1540;
				TargetAttributes = {
					AAA347C42C913F7A0011A39D = {
						CreatedOnToolsVersion = 15.4;
					};
					AAA347D22C913F9A0011A39D = {
						CreatedOnToolsVersion = 15.4;
					};
				};
			};
			buildConfigurationList = AAA347C02C913F7A0011A39D /* Build configuration list for PBXProject "MusixmatchAPIClient" */;
			compatibilityVersion = "Xcode 14.0";
			developmentRegion = en;
			hasScannedForEncodings = 0;
			knownRegions = (
				en,
				Base,
			);
			mainGroup = AAA347BC2C913F7A0011A39D;
			packageReferences = (
			);
			productRefGroup = AAA347C62C913F7A0011A39D /* Products */;
			projectDirPath = "";
			projectRoot = "";
			targets = (
				AAA347C42C913F7A0011A39D /* MusixmatchAPIClient */,
				AAA347D22C913F9A0011A39D /* MusixmatchAPIClientTests */,
			);
		};
/* End PBXProject section */

/* Begin PBXResourcesBuildPhase section */
		AAA347D12C913F9A0011A39D /* Resources */ = {
			isa = PBXResourcesBuildPhase;
			buildActionMask = 2147483647;
			files = (
			);
			runOnlyForDeploymentPostprocessing = 0;
		};
/* End PBXResourcesBuildPhase section */

/* Begin PBXSourcesBuildPhase section */
		AAA347C12C913F7A0011A39D /* Sources */ = {
			isa = PBXSourcesBuildPhase;
			buildActionMask = 2147483647;
			files = (
				AAA347C92C913F7A0011A39D /* MusixmatchAPIClient.swift in Sources */,
				AAA347F32C9198E50011A39D /* Lyrics.swift in Sources */,
				AAA347E22C9142320011A39D /* TrackSearchResponse.swift in Sources */,
				AAA347F52C919A0B0011A39D /* TrackLyricsGetResponse.swift in Sources */,
				AAA347DF2C9140AE0011A39D /* Track.swift in Sources */,
				AAA347E42C9146350011A39D /* ResponseMessageHeader.swift in Sources */,
			);
			runOnlyForDeploymentPostprocessing = 0;
		};
		AAA347CF2C913F9A0011A39D /* Sources */ = {
			isa = PBXSourcesBuildPhase;
			buildActionMask = 2147483647;
			files = (
				AAA347D62C913F9A0011A39D /* MusixmatchAPITests.swift in Sources */,
			);
			runOnlyForDeploymentPostprocessing = 0;
		};
/* End PBXSourcesBuildPhase section */

/* Begin PBXTargetDependency section */
		AAA347D92C913F9A0011A39D /* PBXTargetDependency */ = {
			isa = PBXTargetDependency;
			target = AAA347C42C913F7A0011A39D /* MusixmatchAPIClient */;
			targetProxy = AAA347D82C913F9A0011A39D /* PBXContainerItemProxy */;
		};
/* End PBXTargetDependency section */

/* Begin XCBuildConfiguration section */
		AAA347CA2C913F7A0011A39D /* Debug */ = {
			isa = XCBuildConfiguration;
			buildSettings = {
				ALWAYS_SEARCH_USER_PATHS = NO;
				ASSETCATALOG_COMPILER_GENERATE_SWIFT_ASSET_SYMBOL_EXTENSIONS = YES;
				CLANG_ANALYZER_NONNULL = YES;
				CLANG_ANALYZER_NUMBER_OBJECT_CONVERSION = YES_AGGRESSIVE;
				CLANG_CXX_LANGUAGE_STANDARD = "gnu++20";
				CLANG_ENABLE_MODULES = YES;
				CLANG_ENABLE_OBJC_ARC = YES;
				CLANG_ENABLE_OBJC_WEAK = YES;
				CLANG_WARN_BLOCK_CAPTURE_AUTORELEASING = YES;
				CLANG_WARN_BOOL_CONVERSION = YES;
				CLANG_WARN_COMMA = YES;
				CLANG_WARN_CONSTANT_CONVERSION = YES;
				CLANG_WARN_DEPRECATED_OBJC_IMPLEMENTATIONS = YES;
				CLANG_WARN_DIRECT_OBJC_ISA_USAGE = YES_ERROR;
				CLANG_WARN_DOCUMENTATION_COMMENTS = YES;
				CLANG_WARN_EMPTY_BODY = YES;
				CLANG_WARN_ENUM_CONVERSION = YES;
				CLANG_WARN_INFINITE_RECURSION = YES;
				CLANG_WARN_INT_CONVERSION = YES;
				CLANG_WARN_NON_LITERAL_NULL_CONVERSION = YES;
				CLANG_WARN_OBJC_IMPLICIT_RETAIN_SELF = YES;
				CLANG_WARN_OBJC_LITERAL_CONVERSION = YES;
				CLANG_WARN_OBJC_ROOT_CLASS = YES_ERROR;
				CLANG_WARN_QUOTED_INCLUDE_IN_FRAMEWORK_HEADER = YES;
				CLANG_WARN_RANGE_LOOP_ANALYSIS = YES;
				CLANG_WARN_STRICT_PROTOTYPES = YES;
				CLANG_WARN_SUSPICIOUS_MOVE = YES;
				CLANG_WARN_UNGUARDED_AVAILABILITY = YES_AGGRESSIVE;
				CLANG_WARN_UNREACHABLE_CODE = YES;
				CLANG_WARN__DUPLICATE_METHOD_MATCH = YES;
				COPY_PHASE_STRIP = NO;
				DEBUG_INFORMATION_FORMAT = dwarf;
				ENABLE_STRICT_OBJC_MSGSEND = YES;
				ENABLE_TESTABILITY = YES;
				ENABLE_USER_SCRIPT_SANDBOXING = YES;
				GCC_C_LANGUAGE_STANDARD = gnu17;
				GCC_DYNAMIC_NO_PIC = NO;
				GCC_NO_COMMON_BLOCKS = YES;
				GCC_OPTIMIZATION_LEVEL = 0;
				GCC_PREPROCESSOR_DEFINITIONS = (
					"DEBUG=1",
					"$(inherited)",
				);
				GCC_WARN_64_TO_32_BIT_CONVERSION = YES;
				GCC_WARN_ABOUT_RETURN_TYPE = YES_ERROR;
				GCC_WARN_UNDECLARED_SELECTOR = YES;
				GCC_WARN_UNINITIALIZED_AUTOS = YES_AGGRESSIVE;
				GCC_WARN_UNUSED_FUNCTION = YES;
				GCC_WARN_UNUSED_VARIABLE = YES;
				IPHONEOS_DEPLOYMENT_TARGET = 17.5;
				LOCALIZATION_PREFERS_STRING_CATALOGS = YES;
				MTL_ENABLE_DEBUG_INFO = INCLUDE_SOURCE;
				MTL_FAST_MATH = YES;
				ONLY_ACTIVE_ARCH = YES;
				SDKROOT = iphoneos;
				SWIFT_ACTIVE_COMPILATION_CONDITIONS = "DEBUG $(inherited)";
				SWIFT_OPTIMIZATION_LEVEL = "-Onone";
			};
			name = Debug;
		};
		AAA347CB2C913F7A0011A39D /* Release */ = {
			isa = XCBuildConfiguration;
			buildSettings = {
				ALWAYS_SEARCH_USER_PATHS = NO;
				ASSETCATALOG_COMPILER_GENERATE_SWIFT_ASSET_SYMBOL_EXTENSIONS = YES;
				CLANG_ANALYZER_NONNULL = YES;
				CLANG_ANALYZER_NUMBER_OBJECT_CONVERSION = YES_AGGRESSIVE;
				CLANG_CXX_LANGUAGE_STANDARD = "gnu++20";
				CLANG_ENABLE_MODULES = YES;
				CLANG_ENABLE_OBJC_ARC = YES;
				CLANG_ENABLE_OBJC_WEAK = YES;
				CLANG_WARN_BLOCK_CAPTURE_AUTORELEASING = YES;
				CLANG_WARN_BOOL_CONVERSION = YES;
				CLANG_WARN_COMMA = YES;
				CLANG_WARN_CONSTANT_CONVERSION = YES;
				CLANG_WARN_DEPRECATED_OBJC_IMPLEMENTATIONS = YES;
				CLANG_WARN_DIRECT_OBJC_ISA_USAGE = YES_ERROR;
				CLANG_WARN_DOCUMENTATION_COMMENTS = YES;
				CLANG_WARN_EMPTY_BODY = YES;
				CLANG_WARN_ENUM_CONVERSION = YES;
				CLANG_WARN_INFINITE_RECURSION = YES;
				CLANG_WARN_INT_CONVERSION = YES;
				CLANG_WARN_NON_LITERAL_NULL_CONVERSION = YES;
				CLANG_WARN_OBJC_IMPLICIT_RETAIN_SELF = YES;
				CLANG_WARN_OBJC_LITERAL_CONVERSION = YES;
				CLANG_WARN_OBJC_ROOT_CLASS = YES_ERROR;
				CLANG_WARN_QUOTED_INCLUDE_IN_FRAMEWORK_HEADER = YES;
				CLANG_WARN_RANGE_LOOP_ANALYSIS = YES;
				CLANG_WARN_STRICT_PROTOTYPES = YES;
				CLANG_WARN_SUSPICIOUS_MOVE = YES;
				CLANG_WARN_UNGUARDED_AVAILABILITY = YES_AGGRESSIVE;
				CLANG_WARN_UNREACHABLE_CODE = YES;
				CLANG_WARN__DUPLICATE_METHOD_MATCH = YES;
				COPY_PHASE_STRIP = NO;
				DEBUG_INFORMATION_FORMAT = "dwarf-with-dsym";
				ENABLE_NS_ASSERTIONS = NO;
				ENABLE_STRICT_OBJC_MSGSEND = YES;
				ENABLE_USER_SCRIPT_SANDBOXING = YES;
				GCC_C_LANGUAGE_STANDARD = gnu17;
				GCC_NO_COMMON_BLOCKS = YES;
				GCC_WARN_64_TO_32_BIT_CONVERSION = YES;
				GCC_WARN_ABOUT_RETURN_TYPE = YES_ERROR;
				GCC_WARN_UNDECLARED_SELECTOR = YES;
				GCC_WARN_UNINITIALIZED_AUTOS = YES_AGGRESSIVE;
				GCC_WARN_UNUSED_FUNCTION = YES;
				GCC_WARN_UNUSED_VARIABLE = YES;
				IPHONEOS_DEPLOYMENT_TARGET = 17.5;
				LOCALIZATION_PREFERS_STRING_CATALOGS = YES;
				MTL_ENABLE_DEBUG_INFO = NO;
				MTL_FAST_MATH = YES;
				SDKROOT = iphoneos;
				SWIFT_COMPILATION_MODE = wholemodule;
				VALIDATE_PRODUCT = YES;
			};
			name = Release;
		};
		AAA347CD2C913F7A0011A39D /* Debug */ = {
			isa = XCBuildConfiguration;
			buildSettings = {
				CODE_SIGN_STYLE = Automatic;
				DEVELOPMENT_TEAM = 6FQHBQB66L;
				OTHER_LDFLAGS = "-ObjC";
				PRODUCT_NAME = "$(TARGET_NAME)";
				SKIP_INSTALL = YES;
				SWIFT_VERSION = 5.0;
				TARGETED_DEVICE_FAMILY = "1,2";
			};
			name = Debug;
		};
		AAA347CE2C913F7A0011A39D /* Release */ = {
			isa = XCBuildConfiguration;
			buildSettings = {
				CODE_SIGN_STYLE = Automatic;
				DEVELOPMENT_TEAM = 6FQHBQB66L;
				OTHER_LDFLAGS = "-ObjC";
				PRODUCT_NAME = "$(TARGET_NAME)";
				SKIP_INSTALL = YES;
				SWIFT_VERSION = 5.0;
				TARGETED_DEVICE_FAMILY = "1,2";
			};
			name = Release;
		};
		AAA347DB2C913F9A0011A39D /* Debug */ = {
			isa = XCBuildConfiguration;
			buildSettings = {
				CODE_SIGN_STYLE = Automatic;
				CURRENT_PROJECT_VERSION = 1;
				DEVELOPMENT_TEAM = 6FQHBQB66L;
				GENERATE_INFOPLIST_FILE = YES;
				MARKETING_VERSION = 1.0;
				PRODUCT_BUNDLE_IDENTIFIER = com.greenerchen.MusixmatchAPIClientTests;
				PRODUCT_NAME = "$(TARGET_NAME)";
				SWIFT_EMIT_LOC_STRINGS = NO;
				SWIFT_VERSION = 5.0;
				TARGETED_DEVICE_FAMILY = "1,2";
			};
			name = Debug;
		};
		AAA347DC2C913F9A0011A39D /* Release */ = {
			isa = XCBuildConfiguration;
			buildSettings = {
				CODE_SIGN_STYLE = Automatic;
				CURRENT_PROJECT_VERSION = 1;
				DEVELOPMENT_TEAM = 6FQHBQB66L;
				GENERATE_INFOPLIST_FILE = YES;
				MARKETING_VERSION = 1.0;
				PRODUCT_BUNDLE_IDENTIFIER = com.greenerchen.MusixmatchAPIClientTests;
				PRODUCT_NAME = "$(TARGET_NAME)";
				SWIFT_EMIT_LOC_STRINGS = NO;
				SWIFT_VERSION = 5.0;
				TARGETED_DEVICE_FAMILY = "1,2";
			};
			name = Release;
		};
/* End XCBuildConfiguration section */

/* Begin XCConfigurationList section */
		AAA347C02C913F7A0011A39D /* Build configuration list for PBXProject "MusixmatchAPIClient" */ = {
			isa = XCConfigurationList;
			buildConfigurations = (
				AAA347CA2C913F7A0011A39D /* Debug */,
				AAA347CB2C913F7A0011A39D /* Release */,
			);
			defaultConfigurationIsVisible = 0;
			defaultConfigurationName = Release;
		};
		AAA347CC2C913F7A0011A39D /* Build configuration list for PBXNativeTarget "MusixmatchAPIClient" */ = {
			isa = XCConfigurationList;
			buildConfigurations = (
				AAA347CD2C913F7A0011A39D /* Debug */,
				AAA347CE2C913F7A0011A39D /* Release */,
			);
			defaultConfigurationIsVisible = 0;
			defaultConfigurationName = Release;
		};
		AAA347DA2C913F9A0011A39D /* Build configuration list for PBXNativeTarget "MusixmatchAPIClientTests" */ = {
			isa = XCConfigurationList;
			buildConfigurations = (
				AAA347DB2C913F9A0011A39D /* Debug */,
				AAA347DC2C913F9A0011A39D /* Release */,
			);
			defaultConfigurationIsVisible = 0;
			defaultConfigurationName = Release;
		};
/* End XCConfigurationList section */
	};
	rootObject = AAA347BD2C913F7A0011A39D /* Project object */;
}
